
Microsoft Visual Studio Solution File, Format Version 12.00
# Visual Studio Version 16
VisualStudioVersion = 16.0.29020.237
MinimumVisualStudioVersion = 10.0.40219.1
Project("{FAE04EC0-301F-11D3-BF4B-00C04F79EFBC}") = "Challenge2_InterfacesAndClasses", "Challenge2_InterfacesAndClasses\Challenge2_InterfacesAndClasses.csproj", "{39D885AD-8C79-4998-BDDF-E3FACA55B1EC}"
EndProject
Global
	GlobalSection(SolutionConfigurationPlatforms) = preSolution
		Debug|Any CPU = Debug|Any CPU
		Release|Any CPU = Release|Any CPU
	EndGlobalSection
	GlobalSection(ProjectConfigurationPlatforms) = postSolution
		{39D885AD-8C79-4998-BDDF-E3FACA55B1EC}.Debug|Any CPU.ActiveCfg = Debug|Any CPU
		{39D885AD-8C79-4998-BDDF-E3FACA55B1EC}.Debug|Any CPU.Build.0 = Debug|Any CPU
		{39D885AD-8C79-4998-BDDF-E3FACA55B1EC}.Release|Any CPU.ActiveCfg = Release|Any CPU
		{39D885AD-8C79-4998-BDDF-E3FACA55B1EC}.Release|Any CPU.Build.0 = Release|Any CPU
	EndGlobalSection
	GlobalSection(SolutionProperties) = preSolution
		HideSolutionNode = FALSE
	EndGlobalSection
	GlobalSection(ExtensibilityGlobals) = postSolution
		SolutionGuid = {608D82D0-ED75-4B72-8CB2-2ABD02B5C922}
	EndGlobalSection
EndGlobal
